<Solution>
  <Project Path="EFConvention.Tests/EFConvention.Tests.csproj" />
  <Project Path="EFConventions.Database/EFConventions.Database.sqlproj">
    <Build />
    <Deploy />
  </Project>
  <Project Path="EFConventions.Sample/EFConventions.Sample.csproj" />
  <Project Path="EFConventions/EFConventions.csproj" />
</Solution>
