<Solution>
  <Project Path="EFConvention.Tests/EFConvention.Tests.csproj" />
  <Project Path="EFConventions.Database/EFConventions.Database.sqlproj" Id="04b53b82-c6db-41f4-b5ef-32089d71f20e">
    <Build />
    <Deploy />
  </Project>
  <Project Path="EFConventions.Sample/EFConventions.Sample.csproj" />
  <Project Path="EFConventions/EFConventions.csproj" />
</Solution>
